{
  "name": "v-poker-uni-app",
  "lockfileVersion": 3,
  "requires": true,
  "packages": {
    "": {
      "name": "v-poker-uni-app",
      "dependencies": {
        "vu-icons": "1.5.4"
      }
    },
    "node_modules/vu-icons": {
      "version": "1.5.4",
      "resolved": "https://registry.npmjs.org/vu-icons/-/vu-icons-1.5.4.tgz",
      "integrity": "sha512-LZ+jLxhGJKfGL0JEEgAod+f1enGx0bDUZHWs2c9s9cDWlOjX1CkjYi1GdhBGrSOqrKgL6T2tJVuSs4FXSqUo2Q==",
      "license": "MIT",
      "peerDependencies": {
        "vue": "^3.2.0"
      }
    }
  }
}
